# THIS IS AN AUTOGENERATED FILE. DO NOT EDIT THIS FILE DIRECTLY.
# yarn lockfile v1


colorfull@^1.0.0:
  version "1.0.0"
  resolved "https://registry.yarnpkg.com/colorfull/-/colorfull-1.0.0.tgz#9f3ddfebf4ba2fd690c9177d1783966069a1adf2"
  integrity sha512-DGVcTAyH4LPjptXMSb5BxwML3S+aMoYL6QWf1gwfd91egBWYlki8jDH3muynoy6BCFo5D1zZ9Lp3RLQjvvA71A==

myosis@^1.0.0:
  version "1.0.0"
  resolved "https://registry.yarnpkg.com/myosis/-/myosis-1.0.0.tgz#f54b2c0b377e9e607a8a7f3af7b91bf6685286a4"
  integrity sha512-bUK2PW+QIIFNnsDO2+B6IZCr8jbsCHMgW83WqEOkj099q6JTMjRB2k8UxpzOPn94EiO3Dn6tGMPQPRdYI1fGPw==
